// !$*UTF8*$!
{
	archiveVersion = 1;
	classes = {
	};
	objectVersion = 51;
	objects = {

/* Begin PBXBuildFile section */
		050DA42C22F3B13C00B89227 /* QueryService.swift in Sources */ = {isa = PBXBuildFile; fileRef = 050DA42B22F3B13C00B89227 /* QueryService.swift */; };
		05D2016E22F460E6007BD577 /* BanksTableViewController.swift in Sources */ = {isa = PBXBuildFile; fileRef = 05D2016D22F460E6007BD577 /* BanksTableViewController.swift */; };
		05D2017022F4661C007BD577 /* GoalsTableViewController.swift in Sources */ = {isa = PBXBuildFile; fileRef = 05D2016F22F4661C007BD577 /* GoalsTableViewController.swift */; };
		05D2017222F468F3007BD577 /* GoalsTableViewCell.swift in Sources */ = {isa = PBXBuildFile; fileRef = 05D2017122F468F3007BD577 /* GoalsTableViewCell.swift */; };
		05E7A5A222F1700200941573 /* AppDelegate.swift in Sources */ = {isa = PBXBuildFile; fileRef = 05E7A5A122F1700200941573 /* AppDelegate.swift */; };
		05E7A5A422F1700200941573 /* ViewController.swift in Sources */ = {isa = PBXBuildFile; fileRef = 05E7A5A322F1700200941573 /* ViewController.swift */; };
		05E7A5A722F1700200941573 /* Main.storyboard in Resources */ = {isa = PBXBuildFile; fileRef = 05E7A5A522F1700200941573 /* Main.storyboard */; };
		05E7A5A922F1700600941573 /* Assets.xcassets in Resources */ = {isa = PBXBuildFile; fileRef = 05E7A5A822F1700600941573 /* Assets.xcassets */; };
		05E7A5AC22F1700600941573 /* LaunchScreen.storyboard in Resources */ = {isa = PBXBuildFile; fileRef = 05E7A5AA22F1700600941573 /* LaunchScreen.storyboard */; };
		05E7A5B722F173B500941573 /* TextField.swift in Sources */ = {isa = PBXBuildFile; fileRef = 05E7A5B622F173B500941573 /* TextField.swift */; };
		05E7A5B922F1956700941573 /* AddCardViewController.swift in Sources */ = {isa = PBXBuildFile; fileRef = 05E7A5B822F1956700941573 /* AddCardViewController.swift */; };
		05E7A5BB22F1B07000941573 /* Goal.swift in Sources */ = {isa = PBXBuildFile; fileRef = 05E7A5BA22F1B07000941573 /* Goal.swift */; };
		05E7A5BD22F1B19E00941573 /* GoalsCollectionViewCell.swift in Sources */ = {isa = PBXBuildFile; fileRef = 05E7A5BC22F1B19E00941573 /* GoalsCollectionViewCell.swift */; };
		05E7A5BF22F1B1B800941573 /* GoalsViewController.swift in Sources */ = {isa = PBXBuildFile; fileRef = 05E7A5BE22F1B1B800941573 /* GoalsViewController.swift */; };
		05E7A5C322F20EFF00941573 /* View.swift in Sources */ = {isa = PBXBuildFile; fileRef = 05E7A5C222F20EFF00941573 /* View.swift */; };
		05E7A5C522F2C80F00941573 /* SignUpViewController.swift in Sources */ = {isa = PBXBuildFile; fileRef = 05E7A5C422F2C80F00941573 /* SignUpViewController.swift */; };
		05E7A5C722F2CDFC00941573 /* SetGoalViewController.swift in Sources */ = {isa = PBXBuildFile; fileRef = 05E7A5C622F2CDFC00941573 /* SetGoalViewController.swift */; };
		05E7A5C922F2D2F400941573 /* ResultViewController.swift in Sources */ = {isa = PBXBuildFile; fileRef = 05E7A5C822F2D2F400941573 /* ResultViewController.swift */; };
		05E7A5CC22F3316800941573 /* ContainerViewController.swift in Sources */ = {isa = PBXBuildFile; fileRef = 05E7A5CB22F3316800941573 /* ContainerViewController.swift */; };
		05E7A5D322F331A900941573 /* MenuViewController.swift in Sources */ = {isa = PBXBuildFile; fileRef = 05E7A5D122F331A900941573 /* MenuViewController.swift */; };
		05E7A5D422F331A900941573 /* MenuViewController.xib in Resources */ = {isa = PBXBuildFile; fileRef = 05E7A5D222F331A900941573 /* MenuViewController.xib */; };
		05E7A5D722F3327B00941573 /* ResaultViewController.swift in Sources */ = {isa = PBXBuildFile; fileRef = 05E7A5D522F3327B00941573 /* ResaultViewController.swift */; };
		05E7A5D822F3327B00941573 /* ResaultViewController.xib in Resources */ = {isa = PBXBuildFile; fileRef = 05E7A5D622F3327B00941573 /* ResaultViewController.xib */; };
		738CF0DDD22525E58DE258FE /* Pods_Future_Invest.framework in Frameworks */ = {isa = PBXBuildFile; fileRef = 7A6A75DBC60EF0666617A5B3 /* Pods_Future_Invest.framework */; };
/* End PBXBuildFile section */

/* Begin PBXFileReference section */
		050DA42B22F3B13C00B89227 /* QueryService.swift */ = {isa = PBXFileReference; lastKnownFileType = sourcecode.swift; path = QueryService.swift; sourceTree = "<group>"; };
		05D2016D22F460E6007BD577 /* BanksTableViewController.swift */ = {isa = PBXFileReference; lastKnownFileType = sourcecode.swift; path = BanksTableViewController.swift; sourceTree = "<group>"; };
		05D2016F22F4661C007BD577 /* GoalsTableViewController.swift */ = {isa = PBXFileReference; lastKnownFileType = sourcecode.swift; path = GoalsTableViewController.swift; sourceTree = "<group>"; };
		05D2017122F468F3007BD577 /* GoalsTableViewCell.swift */ = {isa = PBXFileReference; lastKnownFileType = sourcecode.swift; path = GoalsTableViewCell.swift; sourceTree = "<group>"; };
		05E7A59E22F1700200941573 /* Future Invest.app */ = {isa = PBXFileReference; explicitFileType = wrapper.application; includeInIndex = 0; path = "Future Invest.app"; sourceTree = BUILT_PRODUCTS_DIR; };
		05E7A5A122F1700200941573 /* AppDelegate.swift */ = {isa = PBXFileReference; lastKnownFileType = sourcecode.swift; path = AppDelegate.swift; sourceTree = "<group>"; };
		05E7A5A322F1700200941573 /* ViewController.swift */ = {isa = PBXFileReference; lastKnownFileType = sourcecode.swift; path = ViewController.swift; sourceTree = "<group>"; };
		05E7A5A622F1700200941573 /* Base */ = {isa = PBXFileReference; lastKnownFileType = file.storyboard; name = Base; path = Base.lproj/Main.storyboard; sourceTree = "<group>"; };
		05E7A5A822F1700600941573 /* Assets.xcassets */ = {isa = PBXFileReference; lastKnownFileType = folder.assetcatalog; path = Assets.xcassets; sourceTree = "<group>"; };
		05E7A5AB22F1700600941573 /* Base */ = {isa = PBXFileReference; lastKnownFileType = file.storyboard; name = Base; path = Base.lproj/LaunchScreen.storyboard; sourceTree = "<group>"; };
		05E7A5AD22F1700600941573 /* Info.plist */ = {isa = PBXFileReference; lastKnownFileType = text.plist.xml; path = Info.plist; sourceTree = "<group>"; };
		05E7A5B622F173B500941573 /* TextField.swift */ = {isa = PBXFileReference; lastKnownFileType = sourcecode.swift; path = TextField.swift; sourceTree = "<group>"; };
		05E7A5B822F1956700941573 /* AddCardViewController.swift */ = {isa = PBXFileReference; lastKnownFileType = sourcecode.swift; path = AddCardViewController.swift; sourceTree = "<group>"; };
		05E7A5BA22F1B07000941573 /* Goal.swift */ = {isa = PBXFileReference; lastKnownFileType = sourcecode.swift; path = Goal.swift; sourceTree = "<group>"; };
		05E7A5BC22F1B19E00941573 /* GoalsCollectionViewCell.swift */ = {isa = PBXFileReference; lastKnownFileType = sourcecode.swift; path = GoalsCollectionViewCell.swift; sourceTree = "<group>"; };
		05E7A5BE22F1B1B800941573 /* GoalsViewController.swift */ = {isa = PBXFileReference; lastKnownFileType = sourcecode.swift; path = GoalsViewController.swift; sourceTree = "<group>"; };
		05E7A5C222F20EFF00941573 /* View.swift */ = {isa = PBXFileReference; lastKnownFileType = sourcecode.swift; path = View.swift; sourceTree = "<group>"; };
		05E7A5C422F2C80F00941573 /* SignUpViewController.swift */ = {isa = PBXFileReference; lastKnownFileType = sourcecode.swift; path = SignUpViewController.swift; sourceTree = "<group>"; };
		05E7A5C622F2CDFC00941573 /* SetGoalViewController.swift */ = {isa = PBXFileReference; lastKnownFileType = sourcecode.swift; path = SetGoalViewController.swift; sourceTree = "<group>"; };
		05E7A5C822F2D2F400941573 /* ResultViewController.swift */ = {isa = PBXFileReference; lastKnownFileType = sourcecode.swift; path = ResultViewController.swift; sourceTree = "<group>"; };
		05E7A5CB22F3316800941573 /* ContainerViewController.swift */ = {isa = PBXFileReference; lastKnownFileType = sourcecode.swift; path = ContainerViewController.swift; sourceTree = "<group>"; };
		05E7A5D122F331A900941573 /* MenuViewController.swift */ = {isa = PBXFileReference; lastKnownFileType = sourcecode.swift; path = MenuViewController.swift; sourceTree = "<group>"; };
		05E7A5D222F331A900941573 /* MenuViewController.xib */ = {isa = PBXFileReference; lastKnownFileType = file.xib; path = MenuViewController.xib; sourceTree = "<group>"; };
		05E7A5D522F3327B00941573 /* ResaultViewController.swift */ = {isa = PBXFileReference; lastKnownFileType = sourcecode.swift; path = ResaultViewController.swift; sourceTree = "<group>"; };
		05E7A5D622F3327B00941573 /* ResaultViewController.xib */ = {isa = PBXFileReference; lastKnownFileType = file.xib; path = ResaultViewController.xib; sourceTree = "<group>"; };
		1F51EBE1F10FC9C593DE0AEA /* Pods-Future Invest.release.xcconfig */ = {isa = PBXFileReference; includeInIndex = 1; lastKnownFileType = text.xcconfig; name = "Pods-Future Invest.release.xcconfig"; path = "Target Support Files/Pods-Future Invest/Pods-Future Invest.release.xcconfig"; sourceTree = "<group>"; };
		7A6A75DBC60EF0666617A5B3 /* Pods_Future_Invest.framework */ = {isa = PBXFileReference; explicitFileType = wrapper.framework; includeInIndex = 0; path = Pods_Future_Invest.framework; sourceTree = BUILT_PRODUCTS_DIR; };
		C58B292E737151E3F5226037 /* Pods-Future Invest.debug.xcconfig */ = {isa = PBXFileReference; includeInIndex = 1; lastKnownFileType = text.xcconfig; name = "Pods-Future Invest.debug.xcconfig"; path = "Target Support Files/Pods-Future Invest/Pods-Future Invest.debug.xcconfig"; sourceTree = "<group>"; };
/* End PBXFileReference section */

/* Begin PBXFrameworksBuildPhase section */
		05E7A59B22F1700200941573 /* Frameworks */ = {
			isa = PBXFrameworksBuildPhase;
			buildActionMask = 2147483647;
			files = (
				738CF0DDD22525E58DE258FE /* Pods_Future_Invest.framework in Frameworks */,
			);
			runOnlyForDeploymentPostprocessing = 0;
		};
/* End PBXFrameworksBuildPhase section */

/* Begin PBXGroup section */
		056F3DFC22F38852005F2C69 /* Networking */ = {
			isa = PBXGroup;
			children = (
				050DA42B22F3B13C00B89227 /* QueryService.swift */,
			);
			path = Networking;
			sourceTree = "<group>";
		};
		05E7A59522F1700200941573 = {
			isa = PBXGroup;
			children = (
				05E7A5A022F1700200941573 /* Future Invest */,
				05E7A59F22F1700200941573 /* Products */,
				A7C5483BB0149B3798983FEF /* Pods */,
				CE3E73A18169C6702C48187D /* Frameworks */,
			);
			sourceTree = "<group>";
		};
		05E7A59F22F1700200941573 /* Products */ = {
			isa = PBXGroup;
			children = (
				05E7A59E22F1700200941573 /* Future Invest.app */,
			);
			name = Products;
			sourceTree = "<group>";
		};
		05E7A5A022F1700200941573 /* Future Invest */ = {
			isa = PBXGroup;
			children = (
				056F3DFC22F38852005F2C69 /* Networking */,
				05E7A5B322F1734E00941573 /* Model */,
				05E7A5B422F1735D00941573 /* View */,
				05E7A5B522F1736400941573 /* Controller */,
				05E7A5A122F1700200941573 /* AppDelegate.swift */,
				05E7A5A522F1700200941573 /* Main.storyboard */,
				05E7A5A822F1700600941573 /* Assets.xcassets */,
				05E7A5AA22F1700600941573 /* LaunchScreen.storyboard */,
				05E7A5AD22F1700600941573 /* Info.plist */,
			);
			path = "Future Invest";
			sourceTree = "<group>";
		};
		05E7A5B322F1734E00941573 /* Model */ = {
			isa = PBXGroup;
			children = (
				05E7A5BA22F1B07000941573 /* Goal.swift */,
			);
			path = Model;
			sourceTree = "<group>";
		};
		05E7A5B422F1735D00941573 /* View */ = {
			isa = PBXGroup;
			children = (
				05E7A5B622F173B500941573 /* TextField.swift */,
				05E7A5BC22F1B19E00941573 /* GoalsCollectionViewCell.swift */,
				05E7A5C222F20EFF00941573 /* View.swift */,
				05D2017122F468F3007BD577 /* GoalsTableViewCell.swift */,
			);
			path = View;
			sourceTree = "<group>";
		};
		05E7A5B522F1736400941573 /* Controller */ = {
			isa = PBXGroup;
			children = (
				05E7A5A322F1700200941573 /* ViewController.swift */,
				05E7A5C422F2C80F00941573 /* SignUpViewController.swift */,
				05E7A5B822F1956700941573 /* AddCardViewController.swift */,
				05E7A5BE22F1B1B800941573 /* GoalsViewController.swift */,
				05E7A5C622F2CDFC00941573 /* SetGoalViewController.swift */,
				05E7A5C822F2D2F400941573 /* ResultViewController.swift */,
				05E7A5CB22F3316800941573 /* ContainerViewController.swift */,
				05E7A5D122F331A900941573 /* MenuViewController.swift */,
				05E7A5D222F331A900941573 /* MenuViewController.xib */,
				05E7A5D522F3327B00941573 /* ResaultViewController.swift */,
				05E7A5D622F3327B00941573 /* ResaultViewController.xib */,
				05D2016D22F460E6007BD577 /* BanksTableViewController.swift */,
				05D2016F22F4661C007BD577 /* GoalsTableViewController.swift */,
			);
			path = Controller;
			sourceTree = "<group>";
		};
		A7C5483BB0149B3798983FEF /* Pods */ = {
			isa = PBXGroup;
			children = (
				C58B292E737151E3F5226037 /* Pods-Future Invest.debug.xcconfig */,
				1F51EBE1F10FC9C593DE0AEA /* Pods-Future Invest.release.xcconfig */,
			);
			path = Pods;
			sourceTree = "<group>";
		};
		CE3E73A18169C6702C48187D /* Frameworks */ = {
			isa = PBXGroup;
			children = (
				7A6A75DBC60EF0666617A5B3 /* Pods_Future_Invest.framework */,
			);
			name = Frameworks;
			sourceTree = "<group>";
		};
/* End PBXGroup section */

/* Begin PBXNativeTarget section */
		05E7A59D22F1700200941573 /* Future Invest */ = {
			isa = PBXNativeTarget;
			buildConfigurationList = 05E7A5B022F1700600941573 /* Build configuration list for PBXNativeTarget "Future Invest" */;
			buildPhases = (
				B12152AD251487E4B6D5E48B /* [CP] Check Pods Manifest.lock */,
				05E7A59A22F1700200941573 /* Sources */,
				05E7A59B22F1700200941573 /* Frameworks */,
				05E7A59C22F1700200941573 /* Resources */,
				040D12318CE96757AB38F126 /* [CP] Embed Pods Frameworks */,
			);
			buildRules = (
			);
			dependencies = (
			);
			name = "Future Invest";
			productName = "Future Invest";
			productReference = 05E7A59E22F1700200941573 /* Future Invest.app */;
			productType = "com.apple.product-type.application";
		};
/* End PBXNativeTarget section */

/* Begin PBXProject section */
		05E7A59622F1700200941573 /* Project object */ = {
			isa = PBXProject;
			attributes = {
				LastSwiftUpdateCheck = 1030;
				LastUpgradeCheck = 1030;
				ORGANIZATIONNAME = "Gerasim Israyelyan";
				TargetAttributes = {
					05E7A59D22F1700200941573 = {
						CreatedOnToolsVersion = 10.3;
					};
				};
			};
			buildConfigurationList = 05E7A59922F1700200941573 /* Build configuration list for PBXProject "Future Invest" */;
			compatibilityVersion = "Xcode 9.3";
			developmentRegion = en;
			hasScannedForEncodings = 0;
			knownRegions = (
				en,
				Base,
			);
			mainGroup = 05E7A59522F1700200941573;
			productRefGroup = 05E7A59F22F1700200941573 /* Products */;
			projectDirPath = "";
			projectRoot = "";
			targets = (
				05E7A59D22F1700200941573 /* Future Invest */,
			);
		};
/* End PBXProject section */

/* Begin PBXResourcesBuildPhase section */
		05E7A59C22F1700200941573 /* Resources */ = {
			isa = PBXResourcesBuildPhase;
			buildActionMask = 2147483647;
			files = (
				05E7A5AC22F1700600941573 /* LaunchScreen.storyboard in Resources */,
				05E7A5A922F1700600941573 /* Assets.xcassets in Resources */,
				05E7A5A722F1700200941573 /* Main.storyboard in Resources */,
				05E7A5D422F331A900941573 /* MenuViewController.xib in Resources */,
				05E7A5D822F3327B00941573 /* ResaultViewController.xib in Resources */,
			);
			runOnlyForDeploymentPostprocessing = 0;
		};
/* End PBXResourcesBuildPhase section */

/* Begin PBXShellScriptBuildPhase section */
		040D12318CE96757AB38F126 /* [CP] Embed Pods Frameworks */ = {
			isa = PBXShellScriptBuildPhase;
			buildActionMask = 2147483647;
			files = (
			);
			inputFileListPaths = (
				"${PODS_ROOT}/Target Support Files/Pods-Future Invest/Pods-Future Invest-frameworks-${CONFIGURATION}-input-files.xcfilelist",
			);
			name = "[CP] Embed Pods Frameworks";
			outputFileListPaths = (
				"${PODS_ROOT}/Target Support Files/Pods-Future Invest/Pods-Future Invest-frameworks-${CONFIGURATION}-output-files.xcfilelist",
			);
			runOnlyForDeploymentPostprocessing = 0;
			shellPath = /bin/sh;
			shellScript = "\"${PODS_ROOT}/Target Support Files/Pods-Future Invest/Pods-Future Invest-frameworks.sh\"\n";
			showEnvVarsInLog = 0;
		};
		B12152AD251487E4B6D5E48B /* [CP] Check Pods Manifest.lock */ = {
			isa = PBXShellScriptBuildPhase;
			buildActionMask = 2147483647;
			files = (
			);
			inputFileListPaths = (
			);
			inputPaths = (
				"${PODS_PODFILE_DIR_PATH}/Podfile.lock",
				"${PODS_ROOT}/Manifest.lock",
			);
			name = "[CP] Check Pods Manifest.lock";
			outputFileListPaths = (
			);
			outputPaths = (
				"$(DERIVED_FILE_DIR)/Pods-Future Invest-checkManifestLockResult.txt",
			);
			runOnlyForDeploymentPostprocessing = 0;
			shellPath = /bin/sh;
			shellScript = "diff \"${PODS_PODFILE_DIR_PATH}/Podfile.lock\" \"${PODS_ROOT}/Manifest.lock\" > /dev/null\nif [ $? != 0 ] ; then\n    # print error to STDERR\n    echo \"error: The sandbox is not in sync with the Podfile.lock. Run 'pod install' or update your CocoaPods installation.\" >&2\n    exit 1\nfi\n# This output is used by Xcode 'outputs' to avoid re-running this script phase.\necho \"SUCCESS\" > \"${SCRIPT_OUTPUT_FILE_0}\"\n";
			showEnvVarsInLog = 0;
		};
/* End PBXShellScriptBuildPhase section */

/* Begin PBXSourcesBuildPhase section */
		05E7A59A22F1700200941573 /* Sources */ = {
			isa = PBXSourcesBuildPhase;
			buildActionMask = 2147483647;
			files = (
				05E7A5C722F2CDFC00941573 /* SetGoalViewController.swift in Sources */,
				05E7A5D722F3327B00941573 /* ResaultViewController.swift in Sources */,
				05E7A5C322F20EFF00941573 /* View.swift in Sources */,
				05E7A5BF22F1B1B800941573 /* GoalsViewController.swift in Sources */,
				05E7A5B922F1956700941573 /* AddCardViewController.swift in Sources */,
				05E7A5BD22F1B19E00941573 /* GoalsCollectionViewCell.swift in Sources */,
				05E7A5B722F173B500941573 /* TextField.swift in Sources */,
				050DA42C22F3B13C00B89227 /* QueryService.swift in Sources */,
				05E7A5A422F1700200941573 /* ViewController.swift in Sources */,
				05E7A5D322F331A900941573 /* MenuViewController.swift in Sources */,
				05D2017022F4661C007BD577 /* GoalsTableViewController.swift in Sources */,
				05E7A5C522F2C80F00941573 /* SignUpViewController.swift in Sources */,
				05D2017222F468F3007BD577 /* GoalsTableViewCell.swift in Sources */,
				05E7A5BB22F1B07000941573 /* Goal.swift in Sources */,
				05E7A5A222F1700200941573 /* AppDelegate.swift in Sources */,
				05E7A5CC22F3316800941573 /* ContainerViewController.swift in Sources */,
				05E7A5C922F2D2F400941573 /* ResultViewController.swift in Sources */,
				05D2016E22F460E6007BD577 /* BanksTableViewController.swift in Sources */,
			);
			runOnlyForDeploymentPostprocessing = 0;
		};
/* End PBXSourcesBuildPhase section */

/* Begin PBXVariantGroup section */
		05E7A5A522F1700200941573 /* Main.storyboard */ = {
			isa = PBXVariantGroup;
			children = (
				05E7A5A622F1700200941573 /* Base */,
			);
			name = Main.storyboard;
			sourceTree = "<group>";
		};
		05E7A5AA22F1700600941573 /* LaunchScreen.storyboard */ = {
			isa = PBXVariantGroup;
			children = (
				05E7A5AB22F1700600941573 /* Base */,
			);
			name = LaunchScreen.storyboard;
			sourceTree = "<group>";
		};
/* End PBXVariantGroup section */

/* Begin XCBuildConfiguration section */
		05E7A5AE22F1700600941573 /* Debug */ = {
			isa = XCBuildConfiguration;
			buildSettings = {
				ALWAYS_SEARCH_USER_PATHS = NO;
				CLANG_ANALYZER_NONNULL = YES;
				CLANG_ANALYZER_NUMBER_OBJECT_CONVERSION = YES_AGGRESSIVE;
				CLANG_CXX_LANGUAGE_STANDARD = "gnu++14";
				CLANG_CXX_LIBRARY = "libc++";
				CLANG_ENABLE_MODULES = YES;
				CLANG_ENABLE_OBJC_ARC = YES;
				CLANG_ENABLE_OBJC_WEAK = YES;
				CLANG_WARN_BLOCK_CAPTURE_AUTORELEASING = YES;
				CLANG_WARN_BOOL_CONVERSION = YES;
				CLANG_WARN_COMMA = YES;
				CLANG_WARN_CONSTANT_CONVERSION = YES;
				CLANG_WARN_DEPRECATED_OBJC_IMPLEMENTATIONS = YES;
				CLANG_WARN_DIRECT_OBJC_ISA_USAGE = YES_ERROR;
				CLANG_WARN_DOCUMENTATION_COMMENTS = YES;
				CLANG_WARN_EMPTY_BODY = YES;
				CLANG_WARN_ENUM_CONVERSION = YES;
				CLANG_WARN_INFINITE_RECURSION = YES;
				CLANG_WARN_INT_CONVERSION = YES;
				CLANG_WARN_NON_LITERAL_NULL_CONVERSION = YES;
				CLANG_WARN_OBJC_IMPLICIT_RETAIN_SELF = YES;
				CLANG_WARN_OBJC_LITERAL_CONVERSION = YES;
				CLANG_WARN_OBJC_ROOT_CLASS = YES_ERROR;
				CLANG_WARN_RANGE_LOOP_ANALYSIS = YES;
				CLANG_WARN_STRICT_PROTOTYPES = YES;
				CLANG_WARN_SUSPICIOUS_MOVE = YES;
				CLANG_WARN_UNGUARDED_AVAILABILITY = YES_AGGRESSIVE;
				CLANG_WARN_UNREACHABLE_CODE = YES;
				CLANG_WARN__DUPLICATE_METHOD_MATCH = YES;
				CODE_SIGN_IDENTITY = "iPhone Developer";
				COPY_PHASE_STRIP = NO;
				DEBUG_INFORMATION_FORMAT = dwarf;
				ENABLE_STRICT_OBJC_MSGSEND = YES;
				ENABLE_TESTABILITY = YES;
				GCC_C_LANGUAGE_STANDARD = gnu11;
				GCC_DYNAMIC_NO_PIC = NO;
				GCC_NO_COMMON_BLOCKS = YES;
				GCC_OPTIMIZATION_LEVEL = 0;
				GCC_PREPROCESSOR_DEFINITIONS = (
					"DEBUG=1",
					"$(inherited)",
				);
				GCC_WARN_64_TO_32_BIT_CONVERSION = YES;
				GCC_WARN_ABOUT_RETURN_TYPE = YES_ERROR;
				GCC_WARN_UNDECLARED_SELECTOR = YES;
				GCC_WARN_UNINITIALIZED_AUTOS = YES_AGGRESSIVE;
				GCC_WARN_UNUSED_FUNCTION = YES;
				GCC_WARN_UNUSED_VARIABLE = YES;
				IPHONEOS_DEPLOYMENT_TARGET = 12.4;
				MTL_ENABLE_DEBUG_INFO = INCLUDE_SOURCE;
				MTL_FAST_MATH = YES;
				ONLY_ACTIVE_ARCH = YES;
				SDKROOT = iphoneos;
				SWIFT_ACTIVE_COMPILATION_CONDITIONS = DEBUG;
				SWIFT_OPTIMIZATION_LEVEL = "-Onone";
			};
			name = Debug;
		};
		05E7A5AF22F1700600941573 /* Release */ = {
			isa = XCBuildConfiguration;
			buildSettings = {
				ALWAYS_SEARCH_USER_PATHS = NO;
				CLANG_ANALYZER_NONNULL = YES;
				CLANG_ANALYZER_NUMBER_OBJECT_CONVERSION = YES_AGGRESSIVE;
				CLANG_CXX_LANGUAGE_STANDARD = "gnu++14";
				CLANG_CXX_LIBRARY = "libc++";
				CLANG_ENABLE_MODULES = YES;
				CLANG_ENABLE_OBJC_ARC = YES;
				CLANG_ENABLE_OBJC_WEAK = YES;
				CLANG_WARN_BLOCK_CAPTURE_AUTORELEASING = YES;
				CLANG_WARN_BOOL_CONVERSION = YES;
				CLANG_WARN_COMMA = YES;
				CLANG_WARN_CONSTANT_CONVERSION = YES;
				CLANG_WARN_DEPRECATED_OBJC_IMPLEMENTATIONS = YES;
				CLANG_WARN_DIRECT_OBJC_ISA_USAGE = YES_ERROR;
				CLANG_WARN_DOCUMENTATION_COMMENTS = YES;
				CLANG_WARN_EMPTY_BODY = YES;
				CLANG_WARN_ENUM_CONVERSION = YES;
				CLANG_WARN_INFINITE_RECURSION = YES;
				CLANG_WARN_INT_CONVERSION = YES;
				CLANG_WARN_NON_LITERAL_NULL_CONVERSION = YES;
				CLANG_WARN_OBJC_IMPLICIT_RETAIN_SELF = YES;
				CLANG_WARN_OBJC_LITERAL_CONVERSION = YES;
				CLANG_WARN_OBJC_ROOT_CLASS = YES_ERROR;
				CLANG_WARN_RANGE_LOOP_ANALYSIS = YES;
				CLANG_WARN_STRICT_PROTOTYPES = YES;
				CLANG_WARN_SUSPICIOUS_MOVE = YES;
				CLANG_WARN_UNGUARDED_AVAILABILITY = YES_AGGRESSIVE;
				CLANG_WARN_UNREACHABLE_CODE = YES;
				CLANG_WARN__DUPLICATE_METHOD_MATCH = YES;
				CODE_SIGN_IDENTITY = "iPhone Developer";
				COPY_PHASE_STRIP = NO;
				DEBUG_INFORMATION_FORMAT = "dwarf-with-dsym";
				ENABLE_NS_ASSERTIONS = NO;
				ENABLE_STRICT_OBJC_MSGSEND = YES;
				GCC_C_LANGUAGE_STANDARD = gnu11;
				GCC_NO_COMMON_BLOCKS = YES;
				GCC_WARN_64_TO_32_BIT_CONVERSION = YES;
				GCC_WARN_ABOUT_RETURN_TYPE = YES_ERROR;
				GCC_WARN_UNDECLARED_SELECTOR = YES;
				GCC_WARN_UNINITIALIZED_AUTOS = YES_AGGRESSIVE;
				GCC_WARN_UNUSED_FUNCTION = YES;
				GCC_WARN_UNUSED_VARIABLE = YES;
				IPHONEOS_DEPLOYMENT_TARGET = 12.4;
				MTL_ENABLE_DEBUG_INFO = NO;
				MTL_FAST_MATH = YES;
				SDKROOT = iphoneos;
				SWIFT_COMPILATION_MODE = wholemodule;
				SWIFT_OPTIMIZATION_LEVEL = "-O";
				VALIDATE_PRODUCT = YES;
			};
			name = Release;
		};
		05E7A5B122F1700600941573 /* Debug */ = {
			isa = XCBuildConfiguration;
			baseConfigurationReference = C58B292E737151E3F5226037 /* Pods-Future Invest.debug.xcconfig */;
			buildSettings = {
				ASSETCATALOG_COMPILER_APPICON_NAME = AppIcon;
				CODE_SIGN_STYLE = Automatic;
				DEVELOPMENT_TEAM = MD56F4Y23U;
				INFOPLIST_FILE = "Future Invest/Info.plist";
				IPHONEOS_DEPLOYMENT_TARGET = 12.3;
				LD_RUNPATH_SEARCH_PATHS = (
					"$(inherited)",
					"@executable_path/Frameworks",
				);
				PRODUCT_BUNDLE_IDENTIFIER = "-1003.Future-Invest";
				PRODUCT_NAME = "$(TARGET_NAME)";
				SWIFT_VERSION = 5.0;
				TARGETED_DEVICE_FAMILY = "1,2";
			};
			name = Debug;
		};
		05E7A5B222F1700600941573 /* Release */ = {
			isa = XCBuildConfiguration;
			baseConfigurationReference = 1F51EBE1F10FC9C593DE0AEA /* Pods-Future Invest.release.xcconfig */;
			buildSettings = {
				ASSETCATALOG_COMPILER_APPICON_NAME = AppIcon;
				CODE_SIGN_STYLE = Automatic;
				DEVELOPMENT_TEAM = MD56F4Y23U;
				INFOPLIST_FILE = "Future Invest/Info.plist";
				IPHONEOS_DEPLOYMENT_TARGET = 12.3;
				LD_RUNPATH_SEARCH_PATHS = (
					"$(inherited)",
					"@executable_path/Frameworks",
				);
				PRODUCT_BUNDLE_IDENTIFIER = "-1003.Future-Invest";
				PRODUCT_NAME = "$(TARGET_NAME)";
				SWIFT_VERSION = 5.0;
				TARGETED_DEVICE_FAMILY = "1,2";
			};
			name = Release;
		};
/* End XCBuildConfiguration section */

/* Begin XCConfigurationList section */
		05E7A59922F1700200941573 /* Build configuration list for PBXProject "Future Invest" */ = {
			isa = XCConfigurationList;
			buildConfigurations = (
				05E7A5AE22F1700600941573 /* Debug */,
				05E7A5AF22F1700600941573 /* Release */,
			);
			defaultConfigurationIsVisible = 0;
			defaultConfigurationName = Release;
		};
		05E7A5B022F1700600941573 /* Build configuration list for PBXNativeTarget "Future Invest" */ = {
			isa = XCConfigurationList;
			buildConfigurations = (
				05E7A5B122F1700600941573 /* Debug */,
				05E7A5B222F1700600941573 /* Release */,
			);
			defaultConfigurationIsVisible = 0;
			defaultConfigurationName = Release;
		};
/* End XCConfigurationList section */
	};
	rootObject = 05E7A59622F1700200941573 /* Project object */;
}
